
Microsoft Visual Studio Solution File, Format Version 12.00
# Visual Studio 15
VisualStudioVersion = 15.0.27004.2005
MinimumVisualStudioVersion = 10.0.40219.1
Project("{262852C6-CD72-467D-83FE-5EEB1973A190}") = "ionic2-ts-tabs1", "ionic2-ts-tabs1\ionic2-ts-tabs1.jsproj", "{C3CC1AF7-7C55-47E4-B429-C523794FA92B}"
EndProject
Global
	GlobalSection(SolutionConfigurationPlatforms) = preSolution
		Debug|Android = Debug|Android
		Debug|iOS = Debug|iOS
		Debug|Windows-AnyCPU = Debug|Windows-AnyCPU
		Debug|Windows-ARM = Debug|Windows-ARM
		Debug|Windows-x64 = Debug|Windows-x64
		Debug|Windows-x86 = Debug|Windows-x86
		Release|Android = Release|Android
		Release|iOS = Release|iOS
		Release|Windows-AnyCPU = Release|Windows-AnyCPU
		Release|Windows-ARM = Release|Windows-ARM
		Release|Windows-x64 = Release|Windows-x64
		Release|Windows-x86 = Release|Windows-x86
	EndGlobalSection
	GlobalSection(ProjectConfigurationPlatforms) = postSolution
		{C3CC1AF7-7C55-47E4-B429-C523794FA92B}.Debug|Android.ActiveCfg = Debug|Android
		{C3CC1AF7-7C55-47E4-B429-C523794FA92B}.Debug|Android.Build.0 = Debug|Android
		{C3CC1AF7-7C55-47E4-B429-C523794FA92B}.Debug|Android.Deploy.0 = Debug|Android
		{C3CC1AF7-7C55-47E4-B429-C523794FA92B}.Debug|iOS.ActiveCfg = Debug|iOS
		{C3CC1AF7-7C55-47E4-B429-C523794FA92B}.Debug|iOS.Build.0 = Debug|iOS
		{C3CC1AF7-7C55-47E4-B429-C523794FA92B}.Debug|iOS.Deploy.0 = Debug|iOS
		{C3CC1AF7-7C55-47E4-B429-C523794FA92B}.Debug|Windows-AnyCPU.ActiveCfg = Debug|Windows-AnyCPU
		{C3CC1AF7-7C55-47E4-B429-C523794FA92B}.Debug|Windows-AnyCPU.Build.0 = Debug|Windows-AnyCPU
		{C3CC1AF7-7C55-47E4-B429-C523794FA92B}.Debug|Windows-AnyCPU.Deploy.0 = Debug|Windows-AnyCPU
		{C3CC1AF7-7C55-47E4-B429-C523794FA92B}.Debug|Windows-ARM.ActiveCfg = Debug|Windows-ARM
		{C3CC1AF7-7C55-47E4-B429-C523794FA92B}.Debug|Windows-ARM.Build.0 = Debug|Windows-ARM
		{C3CC1AF7-7C55-47E4-B429-C523794FA92B}.Debug|Windows-ARM.Deploy.0 = Debug|Windows-ARM
		{C3CC1AF7-7C55-47E4-B429-C523794FA92B}.Debug|Windows-x64.ActiveCfg = Debug|Windows-x64
		{C3CC1AF7-7C55-47E4-B429-C523794FA92B}.Debug|Windows-x64.Build.0 = Debug|Windows-x64
		{C3CC1AF7-7C55-47E4-B429-C523794FA92B}.Debug|Windows-x64.Deploy.0 = Debug|Windows-x64
		{C3CC1AF7-7C55-47E4-B429-C523794FA92B}.Debug|Windows-x86.ActiveCfg = Debug|Windows-x86
		{C3CC1AF7-7C55-47E4-B429-C523794FA92B}.Debug|Windows-x86.Build.0 = Debug|Windows-x86
		{C3CC1AF7-7C55-47E4-B429-C523794FA92B}.Debug|Windows-x86.Deploy.0 = Debug|Windows-x86
		{C3CC1AF7-7C55-47E4-B429-C523794FA92B}.Release|Android.ActiveCfg = Release|Android
		{C3CC1AF7-7C55-47E4-B429-C523794FA92B}.Release|Android.Build.0 = Release|Android
		{C3CC1AF7-7C55-47E4-B429-C523794FA92B}.Release|Android.Deploy.0 = Release|Android
		{C3CC1AF7-7C55-47E4-B429-C523794FA92B}.Release|iOS.ActiveCfg = Release|iOS
		{C3CC1AF7-7C55-47E4-B429-C523794FA92B}.Release|iOS.Build.0 = Release|iOS
		{C3CC1AF7-7C55-47E4-B429-C523794FA92B}.Release|iOS.Deploy.0 = Release|iOS
		{C3CC1AF7-7C55-47E4-B429-C523794FA92B}.Release|Windows-AnyCPU.ActiveCfg = Release|Windows-AnyCPU
		{C3CC1AF7-7C55-47E4-B429-C523794FA92B}.Release|Windows-AnyCPU.Build.0 = Release|Windows-AnyCPU
		{C3CC1AF7-7C55-47E4-B429-C523794FA92B}.Release|Windows-AnyCPU.Deploy.0 = Release|Windows-AnyCPU
		{C3CC1AF7-7C55-47E4-B429-C523794FA92B}.Release|Windows-ARM.ActiveCfg = Release|Windows-ARM
		{C3CC1AF7-7C55-47E4-B429-C523794FA92B}.Release|Windows-ARM.Build.0 = Release|Windows-ARM
		{C3CC1AF7-7C55-47E4-B429-C523794FA92B}.Release|Windows-ARM.Deploy.0 = Release|Windows-ARM
		{C3CC1AF7-7C55-47E4-B429-C523794FA92B}.Release|Windows-x64.ActiveCfg = Release|Windows-x64
		{C3CC1AF7-7C55-47E4-B429-C523794FA92B}.Release|Windows-x64.Build.0 = Release|Windows-x64
		{C3CC1AF7-7C55-47E4-B429-C523794FA92B}.Release|Windows-x64.Deploy.0 = Release|Windows-x64
		{C3CC1AF7-7C55-47E4-B429-C523794FA92B}.Release|Windows-x86.ActiveCfg = Release|Windows-x86
		{C3CC1AF7-7C55-47E4-B429-C523794FA92B}.Release|Windows-x86.Build.0 = Release|Windows-x86
		{C3CC1AF7-7C55-47E4-B429-C523794FA92B}.Release|Windows-x86.Deploy.0 = Release|Windows-x86
	EndGlobalSection
	GlobalSection(SolutionProperties) = preSolution
		HideSolutionNode = FALSE
	EndGlobalSection
	GlobalSection(ExtensibilityGlobals) = postSolution
		SolutionGuid = {3AF962F5-A921-4C19-90E7-B91AD471654D}
	EndGlobalSection
EndGlobal
